
Microsoft Visual Studio Solution File, Format Version 12.00
# Visual Studio Version 17
VisualStudioVersion = 17.6.33829.357
MinimumVisualStudioVersion = 10.0.40219.1
Project("{FAE04EC0-301F-11D3-BF4B-00C04F79EFBC}") = "mobileInfo_Assignment03", "mobileInfo_Assignment03.csproj", "{3B898B2A-26BD-4FC3-B6EB-5C58D168DFA2}"
EndProject
Global
	GlobalSection(SolutionConfigurationPlatforms) = preSolution
		Debug|Any CPU = Debug|Any CPU
		Release|Any CPU = Release|Any CPU
	EndGlobalSection
	GlobalSection(ProjectConfigurationPlatforms) = postSolution
		{3B898B2A-26BD-4FC3-B6EB-5C58D168DFA2}.Debug|Any CPU.ActiveCfg = Debug|Any CPU
		{3B898B2A-26BD-4FC3-B6EB-5C58D168DFA2}.Debug|Any CPU.Build.0 = Debug|Any CPU
		{3B898B2A-26BD-4FC3-B6EB-5C58D168DFA2}.Release|Any CPU.ActiveCfg = Release|Any CPU
		{3B898B2A-26BD-4FC3-B6EB-5C58D168DFA2}.Release|Any CPU.Build.0 = Release|Any CPU
	EndGlobalSection
	GlobalSection(SolutionProperties) = preSolution
		HideSolutionNode = FALSE
	EndGlobalSection
	GlobalSection(ExtensibilityGlobals) = postSolution
		SolutionGuid = {0B424BC5-24F7-46F2-8924-FF40CE0FF83E}
	EndGlobalSection
EndGlobal
